
Microsoft Visual Studio Solution File, Format Version 12.00
# Visual Studio Version 17
VisualStudioVersion = 17.3.32929.385
MinimumVisualStudioVersion = 10.0.40219.1
Project("{FAE04EC0-301F-11D3-BF4B-00C04F79EFBC}") = "deste", "deste\deste.csproj", "{EACEF49E-9285-4D5D-98B9-D8CB4A08D825}"
EndProject
Project("{FAE04EC0-301F-11D3-BF4B-00C04F79EFBC}") = "21", "..\ConsoleApp21\21\21.csproj", "{F50507AE-069C-422A-AE26-C759E082F2D4}"
EndProject
Project("{FAE04EC0-301F-11D3-BF4B-00C04F79EFBC}") = "BlackJack", "BlackJack\BlackJack.csproj", "{05A57517-77ED-46C0-B24A-AE126479DF5B}"
EndProject
Global
	GlobalSection(SolutionConfigurationPlatforms) = preSolution
		Debug|Any CPU = Debug|Any CPU
		Release|Any CPU = Release|Any CPU
	EndGlobalSection
	GlobalSection(ProjectConfigurationPlatforms) = postSolution
		{EACEF49E-9285-4D5D-98B9-D8CB4A08D825}.Debug|Any CPU.ActiveCfg = Debug|Any CPU
		{EACEF49E-9285-4D5D-98B9-D8CB4A08D825}.Debug|Any CPU.Build.0 = Debug|Any CPU
		{EACEF49E-9285-4D5D-98B9-D8CB4A08D825}.Release|Any CPU.ActiveCfg = Release|Any CPU
		{EACEF49E-9285-4D5D-98B9-D8CB4A08D825}.Release|Any CPU.Build.0 = Release|Any CPU
		{F50507AE-069C-422A-AE26-C759E082F2D4}.Debug|Any CPU.ActiveCfg = Debug|Any CPU
		{F50507AE-069C-422A-AE26-C759E082F2D4}.Debug|Any CPU.Build.0 = Debug|Any CPU
		{F50507AE-069C-422A-AE26-C759E082F2D4}.Release|Any CPU.ActiveCfg = Release|Any CPU
		{F50507AE-069C-422A-AE26-C759E082F2D4}.Release|Any CPU.Build.0 = Release|Any CPU
		{05A57517-77ED-46C0-B24A-AE126479DF5B}.Debug|Any CPU.ActiveCfg = Debug|Any CPU
		{05A57517-77ED-46C0-B24A-AE126479DF5B}.Debug|Any CPU.Build.0 = Debug|Any CPU
		{05A57517-77ED-46C0-B24A-AE126479DF5B}.Release|Any CPU.ActiveCfg = Release|Any CPU
		{05A57517-77ED-46C0-B24A-AE126479DF5B}.Release|Any CPU.Build.0 = Release|Any CPU
	EndGlobalSection
	GlobalSection(SolutionProperties) = preSolution
		HideSolutionNode = FALSE
	EndGlobalSection
	GlobalSection(ExtensibilityGlobals) = postSolution
		SolutionGuid = {F549A791-409C-4543-929E-88F55EDF9804}
	EndGlobalSection
EndGlobal
